
Microsoft Visual Studio Solution File, Format Version 12.00
# Visual Studio Version 16
VisualStudioVersion = 16.0.34407.143
MinimumVisualStudioVersion = 10.0.40219.1
Project("{FAE04EC0-301F-11D3-BF4B-00C04F79EFBC}") = "DigitalHealth.Ncts.Client", "DigitalHealth.Ncts.Client\DigitalHealth.Ncts.Client.csproj", "{6EC255E1-982F-4CD3-9042-69F70BF05742}"
EndProject
Project("{FAE04EC0-301F-11D3-BF4B-00C04F79EFBC}") = "DigitalHealth.Ncts.Client.Sample", "DigitalHealth.Ncts.Client.Sample\DigitalHealth.Ncts.Client.Sample.csproj", "{34A4AA5E-596B-482C-9D14-6E357FB774B4}"
EndProject
Project("{FAE04EC0-301F-11D3-BF4B-00C04F79EFBC}") = "DigitalHealth.Ncts.Client.Test", "DigitalHealth.Ncts.Client.Test\DigitalHealth.Ncts.Client.Test.csproj", "{5B84CA93-5D49-4DBB-8615-30835E409141}"
EndProject
Global
	GlobalSection(SolutionConfigurationPlatforms) = preSolution
		Debug|Any CPU = Debug|Any CPU
		Release|Any CPU = Release|Any CPU
	EndGlobalSection
	GlobalSection(ProjectConfigurationPlatforms) = postSolution
		{6EC255E1-982F-4CD3-9042-69F70BF05742}.Debug|Any CPU.ActiveCfg = Debug|Any CPU
		{6EC255E1-982F-4CD3-9042-69F70BF05742}.Debug|Any CPU.Build.0 = Debug|Any CPU
		{6EC255E1-982F-4CD3-9042-69F70BF05742}.Release|Any CPU.ActiveCfg = Release|Any CPU
		{6EC255E1-982F-4CD3-9042-69F70BF05742}.Release|Any CPU.Build.0 = Release|Any CPU
		{34A4AA5E-596B-482C-9D14-6E357FB774B4}.Debug|Any CPU.ActiveCfg = Debug|Any CPU
		{34A4AA5E-596B-482C-9D14-6E357FB774B4}.Debug|Any CPU.Build.0 = Debug|Any CPU
		{34A4AA5E-596B-482C-9D14-6E357FB774B4}.Release|Any CPU.ActiveCfg = Release|Any CPU
		{34A4AA5E-596B-482C-9D14-6E357FB774B4}.Release|Any CPU.Build.0 = Release|Any CPU
		{5B84CA93-5D49-4DBB-8615-30835E409141}.Debug|Any CPU.ActiveCfg = Debug|Any CPU
		{5B84CA93-5D49-4DBB-8615-30835E409141}.Debug|Any CPU.Build.0 = Debug|Any CPU
		{5B84CA93-5D49-4DBB-8615-30835E409141}.Release|Any CPU.ActiveCfg = Release|Any CPU
		{5B84CA93-5D49-4DBB-8615-30835E409141}.Release|Any CPU.Build.0 = Release|Any CPU
	EndGlobalSection
	GlobalSection(SolutionProperties) = preSolution
		HideSolutionNode = FALSE
	EndGlobalSection
	GlobalSection(ExtensibilityGlobals) = postSolution
		SolutionGuid = {ED9B8A17-884E-4574-AEDC-D5E8EFCF7C74}
	EndGlobalSection
EndGlobal
